<?xml version="1.0" encoding="utf-8"?>
<Project ToolsVersion="4.0" xmlns="http://schemas.microsoft.com/developer/msbuild/2003">
  <ItemGroup>
    <Filter Include="src">
      <UniqueIdentifier>{b63643f8-296d-41c0-bd31-819086211562}</UniqueIdentifier>
    </Filter>
  </ItemGroup>
  <ItemGroup>
    <ClInclude Include="src\chitchit\Log.h">
      <Filter>src</Filter>
    </ClInclude>
    <ClInclude Include="src\chitchit\Application.h">
      <Filter>src</Filter>
    </ClInclude>
    <ClInclude Include="src\chitchit\core.h">
      <Filter>src</Filter>
    </ClInclude>
    <ClInclude Include="src\chitchit\EntryPoint.h">
      <Filter>src</Filter>
    </ClInclude>
    <ClInclude Include="src\ChitChit.h">
      <Filter>src</Filter>
    </ClInclude>
  </ItemGroup>
  <ItemGroup>
    <ClCompile Include="src\chitchit\Application.cpp">
      <Filter>src</Filter>
    </ClCompile>
    <ClCompile Include="src\chitchit\Log.cpp">
      <Filter>src</Filter>
    </ClCompile>
  </ItemGroup>
</Project>